# THIS IS AN AUTOGENERATED FILE. DO NOT EDIT THIS FILE DIRECTLY.
# yarn lockfile v1


fancy-canvas@2.1.0:
  version "2.1.0"
  resolved "https://registry.yarnpkg.com/fancy-canvas/-/fancy-canvas-2.1.0.tgz#44b40e40419ad8ef8304df365e4276767e918552"
  integrity sha512-nifxXJ95JNLFR2NgRV4/MxVP45G9909wJTEKz5fg/TZS20JJZA6hfgRVh/bC9bwl2zBtBNcYPjiBE4njQHVBwQ==

lightweight-charts@^4.0.1:
  version "4.0.1"
  resolved "https://registry.yarnpkg.com/lightweight-charts/-/lightweight-charts-4.0.1.tgz#cb66f98f5e81eaa0a937e3b75928108491fa5622"
  integrity sha512-p+j6w41PVzf9Vn7IrmpmCJacunpN0kKsl0IZoxMOySSkDcSagZ7Is9pb6pclIfN/usHdta0aYm9FktkYpAQe0g==
  dependencies:
    fancy-canvas "2.1.0"
